schema: '2.0'
stages:
  clean:
    cmd: python src/clean.py
    deps:
    - path: data/raw/events.csv
      hash: md5
      md5: 431ff8b1e99f6c5ac0a423d9e37ac2a9
      size: 73240
    - path: src/clean.py
      hash: md5
      md5: 088f42c35bcf4eeae297b5dde57cd727
      size: 755
    outs:
    - path: data/clean/events.csv
      hash: md5
      md5: 2b47e6fe15452f59fa15ec1f4be339e4
      size: 59975
  transform:
    cmd: python src/transform.py
    deps:
    - path: data/clean/events.csv
      hash: md5
      md5: 2b47e6fe15452f59fa15ec1f4be339e4
      size: 59975
    - path: src/transform.py
      hash: md5
      md5: 1c2b3704308e4ff706b9100209c1eb8c
      size: 252
    outs:
    - path: data/transformed/events.csv
      hash: md5
      md5: 4bc95225511a46febc54aac53f7b075b
      size: 77888
  features:
    cmd: python src/features.py
    deps:
    - path: data/transformed/events.csv
      hash: md5
      md5: 4bc95225511a46febc54aac53f7b075b
      size: 77888
    - path: src/features.py
      hash: md5
      md5: 583be06f904373119989d71161781f78
      size: 302
    outs:
    - path: data/features/events.csv
      hash: md5
      md5: bca5f80cbe6adb3d74f21d1ffc1dbb6e
      size: 114255
